
Microsoft Visual Studio Solution File, Format Version 12.00
# Visual Studio Version 17
VisualStudioVersion = 17.4.33122.133
MinimumVisualStudioVersion = 10.0.40219.1
Project("{FAE04EC0-301F-11D3-BF4B-00C04F79EFBC}") = "TODOLISTSMART_V1", "TODOLISTSMART\TODOLISTSMART_V1.csproj", "{1971EC85-83CF-4547-9C5D-DCA1D23BF4FF}"
EndProject
Global
	GlobalSection(SolutionConfigurationPlatforms) = preSolution
		Debug|Any CPU = Debug|Any CPU
		Release|Any CPU = Release|Any CPU
	EndGlobalSection
	GlobalSection(ProjectConfigurationPlatforms) = postSolution
		{1971EC85-83CF-4547-9C5D-DCA1D23BF4FF}.Debug|Any CPU.ActiveCfg = Debug|Any CPU
		{1971EC85-83CF-4547-9C5D-DCA1D23BF4FF}.Debug|Any CPU.Build.0 = Debug|Any CPU
		{1971EC85-83CF-4547-9C5D-DCA1D23BF4FF}.Release|Any CPU.ActiveCfg = Release|Any CPU
		{1971EC85-83CF-4547-9C5D-DCA1D23BF4FF}.Release|Any CPU.Build.0 = Release|Any CPU
	EndGlobalSection
	GlobalSection(SolutionProperties) = preSolution
		HideSolutionNode = FALSE
	EndGlobalSection
	GlobalSection(ExtensibilityGlobals) = postSolution
		SolutionGuid = {885190EC-DC48-4AB1-AAD4-0318256A8C43}
	EndGlobalSection
EndGlobal
